
Microsoft Visual Studio Solution File, Format Version 12.00
# Visual Studio Version 16
VisualStudioVersion = 16.0.31624.102
MinimumVisualStudioVersion = 10.0.40219.1
Project("{FAE04EC0-301F-11D3-BF4B-00C04F79EFBC}") = "DegreeConverters", "DegreeConverter\DegreeConverters.csproj", "{EFA8B305-E316-4719-9942-2E76211EC58A}"
EndProject
Project("{FAE04EC0-301F-11D3-BF4B-00C04F79EFBC}") = "DegreeConverters.Tests", "DegreeConverter.Tests\DegreeConverters.Tests.csproj", "{C50DBB93-AAA1-4F8A-9FA0-BFA2FC757B4C}"
EndProject
Project("{2150E333-8FDC-42A3-9474-1A3956D46DE8}") = "1st test", "1st test", "{E2D363AE-25D6-4FCC-9D0C-7F9F6904CFD3}"
EndProject
Project("{2150E333-8FDC-42A3-9474-1A3956D46DE8}") = "3dSection", "3dSection", "{2193A2AD-6D6D-4FDD-A486-31DB99FA63DD}"
EndProject
Project("{FAE04EC0-301F-11D3-BF4B-00C04F79EFBC}") = "FizzBuzz", "FizzBuzz\FizzBuzz.csproj", "{364E2BA5-FDBA-44E6-933D-C89F731AEA5F}"
EndProject
Project("{FAE04EC0-301F-11D3-BF4B-00C04F79EFBC}") = "FizzBuzz.Tests", "FizzBuzzTests\FizzBuzz.Tests.csproj", "{F6950223-B14A-4ECF-9E9B-1A80BC99703A}"
EndProject
Project("{FAE04EC0-301F-11D3-BF4B-00C04F79EFBC}") = "RomanNumeral", "RomanNumeral\RomanNumeral.csproj", "{6A4CA24E-BAF3-4AB2-B2AF-FFA5DE233468}"
EndProject
Project("{FAE04EC0-301F-11D3-BF4B-00C04F79EFBC}") = "RomanNumeral.Tests", "RomanNumeral.Tests\RomanNumeral.Tests.csproj", "{82B2B9E7-448A-4032-8659-34E4643DF43B}"
EndProject
Project("{FAE04EC0-301F-11D3-BF4B-00C04F79EFBC}") = "MyStack", "MyStack\MyStack.csproj", "{455A0F8E-2DF2-4EC3-83E0-CF569139CB6D}"
EndProject
Project("{FAE04EC0-301F-11D3-BF4B-00C04F79EFBC}") = "MyStack.Tests", "MyStack.Tests\MyStack.Tests.csproj", "{CA39816F-BF14-4826-BE18-5EECDF1756C0}"
EndProject
Project("{2150E333-8FDC-42A3-9474-1A3956D46DE8}") = "45678Sections", "45678Sections", "{A8E6EA5A-B750-46DF-8852-67A1E6170A47}"
EndProject
Project("{FAE04EC0-301F-11D3-BF4B-00C04F79EFBC}") = "Practice", "Practice\Practice.csproj", "{B209778F-CB7F-417D-8B9C-22242D2F262A}"
EndProject
Project("{FAE04EC0-301F-11D3-BF4B-00C04F79EFBC}") = "Practice.Tests", "Practice.Tests\Practice.Tests.csproj", "{FD685D9E-56FF-446C-BFD9-932E7079BBE4}"
EndProject
Global
	GlobalSection(SolutionConfigurationPlatforms) = preSolution
		Debug|Any CPU = Debug|Any CPU
		Release|Any CPU = Release|Any CPU
	EndGlobalSection
	GlobalSection(ProjectConfigurationPlatforms) = postSolution
		{EFA8B305-E316-4719-9942-2E76211EC58A}.Debug|Any CPU.ActiveCfg = Debug|Any CPU
		{EFA8B305-E316-4719-9942-2E76211EC58A}.Debug|Any CPU.Build.0 = Debug|Any CPU
		{EFA8B305-E316-4719-9942-2E76211EC58A}.Release|Any CPU.ActiveCfg = Release|Any CPU
		{EFA8B305-E316-4719-9942-2E76211EC58A}.Release|Any CPU.Build.0 = Release|Any CPU
		{C50DBB93-AAA1-4F8A-9FA0-BFA2FC757B4C}.Debug|Any CPU.ActiveCfg = Debug|Any CPU
		{C50DBB93-AAA1-4F8A-9FA0-BFA2FC757B4C}.Debug|Any CPU.Build.0 = Debug|Any CPU
		{C50DBB93-AAA1-4F8A-9FA0-BFA2FC757B4C}.Release|Any CPU.ActiveCfg = Release|Any CPU
		{C50DBB93-AAA1-4F8A-9FA0-BFA2FC757B4C}.Release|Any CPU.Build.0 = Release|Any CPU
		{364E2BA5-FDBA-44E6-933D-C89F731AEA5F}.Debug|Any CPU.ActiveCfg = Debug|Any CPU
		{364E2BA5-FDBA-44E6-933D-C89F731AEA5F}.Debug|Any CPU.Build.0 = Debug|Any CPU
		{364E2BA5-FDBA-44E6-933D-C89F731AEA5F}.Release|Any CPU.ActiveCfg = Release|Any CPU
		{364E2BA5-FDBA-44E6-933D-C89F731AEA5F}.Release|Any CPU.Build.0 = Release|Any CPU
		{F6950223-B14A-4ECF-9E9B-1A80BC99703A}.Debug|Any CPU.ActiveCfg = Debug|Any CPU
		{F6950223-B14A-4ECF-9E9B-1A80BC99703A}.Debug|Any CPU.Build.0 = Debug|Any CPU
		{F6950223-B14A-4ECF-9E9B-1A80BC99703A}.Release|Any CPU.ActiveCfg = Release|Any CPU
		{F6950223-B14A-4ECF-9E9B-1A80BC99703A}.Release|Any CPU.Build.0 = Release|Any CPU
		{6A4CA24E-BAF3-4AB2-B2AF-FFA5DE233468}.Debug|Any CPU.ActiveCfg = Debug|Any CPU
		{6A4CA24E-BAF3-4AB2-B2AF-FFA5DE233468}.Debug|Any CPU.Build.0 = Debug|Any CPU
		{6A4CA24E-BAF3-4AB2-B2AF-FFA5DE233468}.Release|Any CPU.ActiveCfg = Release|Any CPU
		{6A4CA24E-BAF3-4AB2-B2AF-FFA5DE233468}.Release|Any CPU.Build.0 = Release|Any CPU
		{82B2B9E7-448A-4032-8659-34E4643DF43B}.Debug|Any CPU.ActiveCfg = Debug|Any CPU
		{82B2B9E7-448A-4032-8659-34E4643DF43B}.Debug|Any CPU.Build.0 = Debug|Any CPU
		{82B2B9E7-448A-4032-8659-34E4643DF43B}.Release|Any CPU.ActiveCfg = Release|Any CPU
		{82B2B9E7-448A-4032-8659-34E4643DF43B}.Release|Any CPU.Build.0 = Release|Any CPU
		{455A0F8E-2DF2-4EC3-83E0-CF569139CB6D}.Debug|Any CPU.ActiveCfg = Debug|Any CPU
		{455A0F8E-2DF2-4EC3-83E0-CF569139CB6D}.Debug|Any CPU.Build.0 = Debug|Any CPU
		{455A0F8E-2DF2-4EC3-83E0-CF569139CB6D}.Release|Any CPU.ActiveCfg = Release|Any CPU
		{455A0F8E-2DF2-4EC3-83E0-CF569139CB6D}.Release|Any CPU.Build.0 = Release|Any CPU
		{CA39816F-BF14-4826-BE18-5EECDF1756C0}.Debug|Any CPU.ActiveCfg = Debug|Any CPU
		{CA39816F-BF14-4826-BE18-5EECDF1756C0}.Debug|Any CPU.Build.0 = Debug|Any CPU
		{CA39816F-BF14-4826-BE18-5EECDF1756C0}.Release|Any CPU.ActiveCfg = Release|Any CPU
		{CA39816F-BF14-4826-BE18-5EECDF1756C0}.Release|Any CPU.Build.0 = Release|Any CPU
		{B209778F-CB7F-417D-8B9C-22242D2F262A}.Debug|Any CPU.ActiveCfg = Debug|Any CPU
		{B209778F-CB7F-417D-8B9C-22242D2F262A}.Debug|Any CPU.Build.0 = Debug|Any CPU
		{B209778F-CB7F-417D-8B9C-22242D2F262A}.Release|Any CPU.ActiveCfg = Release|Any CPU
		{B209778F-CB7F-417D-8B9C-22242D2F262A}.Release|Any CPU.Build.0 = Release|Any CPU
		{FD685D9E-56FF-446C-BFD9-932E7079BBE4}.Debug|Any CPU.ActiveCfg = Debug|Any CPU
		{FD685D9E-56FF-446C-BFD9-932E7079BBE4}.Debug|Any CPU.Build.0 = Debug|Any CPU
		{FD685D9E-56FF-446C-BFD9-932E7079BBE4}.Release|Any CPU.ActiveCfg = Release|Any CPU
		{FD685D9E-56FF-446C-BFD9-932E7079BBE4}.Release|Any CPU.Build.0 = Release|Any CPU
	EndGlobalSection
	GlobalSection(SolutionProperties) = preSolution
		HideSolutionNode = FALSE
	EndGlobalSection
	GlobalSection(NestedProjects) = preSolution
		{EFA8B305-E316-4719-9942-2E76211EC58A} = {E2D363AE-25D6-4FCC-9D0C-7F9F6904CFD3}
		{C50DBB93-AAA1-4F8A-9FA0-BFA2FC757B4C} = {E2D363AE-25D6-4FCC-9D0C-7F9F6904CFD3}
		{364E2BA5-FDBA-44E6-933D-C89F731AEA5F} = {2193A2AD-6D6D-4FDD-A486-31DB99FA63DD}
		{F6950223-B14A-4ECF-9E9B-1A80BC99703A} = {2193A2AD-6D6D-4FDD-A486-31DB99FA63DD}
		{6A4CA24E-BAF3-4AB2-B2AF-FFA5DE233468} = {2193A2AD-6D6D-4FDD-A486-31DB99FA63DD}
		{82B2B9E7-448A-4032-8659-34E4643DF43B} = {2193A2AD-6D6D-4FDD-A486-31DB99FA63DD}
		{455A0F8E-2DF2-4EC3-83E0-CF569139CB6D} = {2193A2AD-6D6D-4FDD-A486-31DB99FA63DD}
		{CA39816F-BF14-4826-BE18-5EECDF1756C0} = {2193A2AD-6D6D-4FDD-A486-31DB99FA63DD}
		{B209778F-CB7F-417D-8B9C-22242D2F262A} = {A8E6EA5A-B750-46DF-8852-67A1E6170A47}
		{FD685D9E-56FF-446C-BFD9-932E7079BBE4} = {A8E6EA5A-B750-46DF-8852-67A1E6170A47}
	EndGlobalSection
	GlobalSection(ExtensibilityGlobals) = postSolution
		SolutionGuid = {CBEDAD83-9982-43F6-924C-69A2F4BF71B2}
	EndGlobalSection
EndGlobal
